{
  "name": "hatch",
  "version": "1.0.13",
  "dependencies": {
    "async": {
      "version": "0.2.10",
      "from": "async@~0.2.9",
      "resolved": "http://registry.npmjs.org/async/-/async-0.2.10.tgz"
    },
    "bootstrap": {
      "version": "2.3.1",
      "from": "https://github.com/twbs/bootstrap/tarball/v2.3.1",
      "resolved": "https://github.com/twbs/bootstrap/tarball/v2.3.1"
    },
    "chrono-node": {
      "version": "0.1.8",
      "from": "chrono-node@~0.1.5",
      "resolved": "http://registry.npmjs.org/chrono-node/-/chrono-node-0.1.8.tgz"
    },
    "co-assets-compiler": {
      "version": "0.0.1-3",
      "from": "co-assets-compiler@~0.0.1",
      "resolved": "http://registry.npmjs.org/co-assets-compiler/-/co-assets-compiler-0.0.1-3.tgz",
      "dependencies": {
        "uglify-js": {
          "version": "2.4.13",
          "from": "uglify-js@>= 2.2.5",
          "dependencies": {
            "source-map": {
              "version": "0.1.33",
              "from": "source-map@~0.1.33",
              "dependencies": {
                "amdefine": {
                  "version": "0.1.0",
                  "from": "amdefine@>=0.0.4"
                }
              }
            },
            "optimist": {
              "version": "0.3.7",
              "from": "optimist@~0.3.5",
              "dependencies": {
                "wordwrap": {
                  "version": "0.0.2",
                  "from": "wordwrap@~0.0.2"
                }
              }
            },
            "uglify-to-browserify": {
              "version": "1.0.2",
              "from": "uglify-to-browserify@~1.0.0"
            }
          }
        }
      }
    },
    "co-docs": {
      "version": "0.0.2",
      "from": "co-docs@~0.0.1-2",
      "resolved": "http://registry.npmjs.org/co-docs/-/co-docs-0.0.2.tgz"
    },
    "co-mailer": {
      "version": "0.0.2-2",
      "from": "co-mailer@~0.0.2-1",
      "resolved": "http://registry.npmjs.org/co-mailer/-/co-mailer-0.0.2-2.tgz",
      "dependencies": {
        "nodemailer": {
          "version": "0.3.43",
          "from": "nodemailer@0.3.43",
          "dependencies": {
            "mailcomposer": {
              "version": "0.2.11",
              "from": "mailcomposer@>= 0.1.29",
              "dependencies": {
                "mimelib": {
                  "version": "0.2.16",
                  "from": "mimelib@~0.2.15",
                  "dependencies": {
                    "encoding": {
                      "version": "0.1.7",
                      "from": "encoding@~0.1.7",
                      "dependencies": {
                        "iconv-lite": {
                          "version": "0.2.11",
                          "from": "iconv-lite@~0.2.11"
                        }
                      }
                    },
                    "addressparser": {
                      "version": "0.2.1",
                      "from": "addressparser@~0.2.1"
                    }
                  }
                },
                "he": {
                  "version": "0.3.6",
                  "from": "he@~0.3.6"
                },
                "punycode": {
                  "version": "1.2.4",
                  "from": "punycode@~1.2.4"
                },
                "follow-redirects": {
                  "version": "0.0.3",
                  "from": "follow-redirects@0.0.3"
                },
                "dkim-signer": {
                  "version": "0.1.2",
                  "from": "dkim-signer@~0.1.1"
                }
              }
            },
            "simplesmtp": {
              "version": "0.3.31",
              "from": "simplesmtp@>= 0.1.28",
              "dependencies": {
                "rai": {
                  "version": "0.1.11",
                  "from": "rai@~0.1.11"
                },
                "xoauth2": {
                  "version": "0.1.8",
                  "from": "xoauth2@~0.1.8"
                }
              }
            },
            "optimist": {
              "version": "0.6.1",
              "from": "optimist@*",
              "dependencies": {
                "wordwrap": {
                  "version": "0.0.2",
                  "from": "wordwrap@~0.0.2"
                },
                "minimist": {
                  "version": "0.0.10",
                  "from": "minimist@~0.0.1"
                }
              }
            }
          }
        }
      }
    },
    "coffee-script": {
      "version": "1.6.3",
      "from": "coffee-script@~1.6.3"
    },
    "compound": {
      "version": "1.1.13-1",
      "from": "compound@~1.1.7-11",
      "resolved": "http://registry.npmjs.org/compound/-/compound-1.1.13-1.tgz",
      "dependencies": {
        "jade-ext": {
          "version": "0.0.7-10",
          "from": "jade-ext@>= 0.0.5"
        },
        "railway-routes": {
          "version": "0.0.10",
          "from": "railway-routes@>= 0.0.10"
        },
        "kontroller": {
          "version": "0.0.11",
          "from": "kontroller@>= 0.0.11"
        },
        "inflection": {
          "version": "1.2.7",
          "from": "inflection@~1.2.5"
        }
      }
    },
    "connect-redis": {
      "version": "1.4.7",
      "from": "connect-redis@~1.4.5",
      "resolved": "http://registry.npmjs.org/connect-redis/-/connect-redis-1.4.7.tgz",
      "dependencies": {
        "redis": {
          "version": "0.10.1",
          "from": "redis@0.10.x"
        },
        "debug": {
          "version": "0.8.1",
          "from": "debug@*"
        }
      }
    },
    "csso": {
      "version": "1.3.11",
      "from": "csso@~1.3.8",
      "resolved": "http://registry.npmjs.org/csso/-/csso-1.3.11.tgz"
    },
    "csv": {
      "version": "0.3.7",
      "from": "csv@~0.3.0",
      "resolved": "http://registry.npmjs.org/csv/-/csv-0.3.7.tgz"
    },
    "dox": {
      "version": "0.4.4",
      "from": "dox@~0.4.3",
      "resolved": "http://registry.npmjs.org/dox/-/dox-0.4.4.tgz",
      "dependencies": {
        "github-flavored-markdown": {
          "version": "1.0.1",
          "from": "github-flavored-markdown@>= 0.0.1"
        },
        "commander": {
          "version": "0.6.1",
          "from": "commander@0.6.1"
        }
      }
    },
    "ejs": {
      "version": "0.8.8",
      "from": "ejs@~0.8.4",
      "resolved": "http://registry.npmjs.org/ejs/-/ejs-0.8.8.tgz"
    },
    "ejs-ext": {
      "version": "0.1.4-5",
      "from": "ejs-ext@~0.1.4-5"
    },
    "express": {
      "version": "3.7.0",
      "from": "express@~3.x",
      "dependencies": {
        "connect": {
          "version": "2.16.2",
          "from": "connect@2.16.2",
          "dependencies": {
            "basic-auth-connect": {
              "version": "1.0.0",
              "from": "basic-auth-connect@1.0.0"
            },
            "body-parser": {
              "version": "1.2.0",
              "from": "body-parser@1.2.0",
              "dependencies": {
                "raw-body": {
                  "version": "1.1.4",
                  "from": "raw-body@1.1.4",
                  "dependencies": {
                    "bytes": {
                      "version": "0.3.0",
                      "from": "bytes@~0.3.0"
                    }
                  }
                }
              }
            },
            "bytes": {
              "version": "1.0.0",
              "from": "bytes@1.0.0"
            },
            "cookie-parser": {
              "version": "1.1.0",
              "from": "cookie-parser@1.1.0"
            },
            "compression": {
              "version": "1.0.2",
              "from": "compression@1.0.2",
              "dependencies": {
                "bytes": {
                  "version": "0.3.0",
                  "from": "bytes@0.3.0"
                },
                "negotiator": {
                  "version": "0.4.3",
                  "from": "negotiator@0.4.3"
                },
                "compressible": {
                  "version": "1.0.1",
                  "from": "compressible@1.0.1"
                }
              }
            },
            "connect-timeout": {
              "version": "1.1.0",
              "from": "connect-timeout@1.1.0"
            },
            "csurf": {
              "version": "1.2.0",
              "from": "csurf@1.2.0",
              "dependencies": {
                "uid2": {
                  "version": "0.0.3",
                  "from": "uid2@~0.0.2"
                },
                "scmp": {
                  "version": "0.0.3",
                  "from": "scmp@~0.0.3"
                }
              }
            },
            "errorhandler": {
              "version": "1.0.1",
              "from": "errorhandler@1.0.1"
            },
            "express-session": {
              "version": "1.1.0",
              "from": "express-session@1.1.0",
              "dependencies": {
                "utils-merge": {
                  "version": "1.0.0",
                  "from": "utils-merge@1.0.0"
                },
                "uid2": {
                  "version": "0.0.3",
                  "from": "uid2@~0.0.2"
                }
              }
            },
            "method-override": {
              "version": "1.0.1",
              "from": "method-override@1.0.1"
            },
            "morgan": {
              "version": "1.0.1",
              "from": "morgan@1.0.1",
              "dependencies": {
                "bytes": {
                  "version": "0.3.0",
                  "from": "bytes@0.3.0"
                }
              }
            },
            "on-headers": {
              "version": "0.0.0",
              "from": "on-headers@0.0.0"
            },
            "qs": {
              "version": "0.6.6",
              "from": "qs@~0.6.0"
            },
            "response-time": {
              "version": "1.0.0",
              "from": "response-time@1.0.0"
            },
            "serve-favicon": {
              "version": "2.0.0",
              "from": "serve-favicon@2.0.0"
            },
            "serve-index": {
              "version": "1.0.2",
              "from": "serve-index@1.0.2",
              "dependencies": {
                "batch": {
                  "version": "0.5.0",
                  "from": "batch@0.5.0"
                },
                "negotiator": {
                  "version": "0.4.3",
                  "from": "negotiator@0.4.3"
                }
              }
            },
            "serve-static": {
              "version": "1.1.0",
              "from": "serve-static@1.1.0"
            },
            "type-is": {
              "version": "1.2.0",
              "from": "type-is@1.2.0"
            },
            "vhost": {
              "version": "1.0.0",
              "from": "vhost@1.0.0"
            },
            "pause": {
              "version": "0.0.1",
              "from": "pause@0.0.1"
            },
            "multiparty": {
              "version": "2.2.0",
              "from": "multiparty@2.2.0",
              "dependencies": {
                "readable-stream": {
                  "version": "1.1.13-1",
                  "from": "readable-stream@~1.1.9",
                  "dependencies": {
                    "core-util-is": {
                      "version": "1.0.1",
                      "from": "core-util-is@~1.0.0"
                    },
                    "isarray": {
                      "version": "0.0.1",
                      "from": "isarray@0.0.1"
                    },
                    "string_decoder": {
                      "version": "0.10.25-1",
                      "from": "string_decoder@~0.10.x"
                    },
                    "inherits": {
                      "version": "2.0.1",
                      "from": "inherits@~2.0.1"
                    }
                  }
                },
                "stream-counter": {
                  "version": "0.2.0",
                  "from": "stream-counter@~0.2.0"
                }
              }
            }
          }
        },
        "commander": {
          "version": "1.3.2",
          "from": "commander@1.3.2",
          "dependencies": {
            "keypress": {
              "version": "0.1.0",
              "from": "keypress@0.1.x"
            }
          }
        },
        "methods": {
          "version": "1.0.0",
          "from": "methods@1.0.0"
        },
        "mkdirp": {
          "version": "0.5.0",
          "from": "mkdirp@0.5.0",
          "dependencies": {
            "minimist": {
              "version": "0.0.8",
              "from": "minimist@0.0.8"
            }
          }
        },
        "parseurl": {
          "version": "1.0.1",
          "from": "parseurl@1.0.1"
        },
        "proxy-addr": {
          "version": "1.0.0",
          "from": "proxy-addr@1.0.0",
          "dependencies": {
            "ipaddr.js": {
              "version": "0.1.2",
              "from": "ipaddr.js@0.1.2"
            }
          }
        },
        "range-parser": {
          "version": "1.0.0",
          "from": "range-parser@1.0.0"
        },
        "cookie": {
          "version": "0.1.2",
          "from": "cookie@0.1.2"
        },
        "buffer-crc32": {
          "version": "0.2.1",
          "from": "buffer-crc32@0.2.1"
        },
        "fresh": {
          "version": "0.2.2",
          "from": "fresh@0.2.2"
        },
        "send": {
          "version": "0.3.0",
          "from": "send@0.3.0",
          "dependencies": {
            "debug": {
              "version": "0.8.0",
              "from": "debug@0.8.0"
            }
          }
        },
        "cookie-signature": {
          "version": "1.0.3",
          "from": "cookie-signature@1.0.3"
        },
        "merge-descriptors": {
          "version": "0.0.2",
          "from": "merge-descriptors@0.0.2"
        },
        "debug": {
          "version": "0.8.1",
          "from": "debug@>= 0.8.0 < 1"
        }
      }
    },
    "express-mobile-agent": {
      "version": "0.0.1",
      "from": "https://github.com/cjroebuck/express-mobile-agent/tarball/master",
      "resolved": "https://github.com/cjroebuck/express-mobile-agent/tarball/master",
      "dependencies": {
        "mobile-agent": {
          "version": "0.0.8",
          "from": "mobile-agent@0.0.8",
          "dependencies": {
            "useragent": {
              "version": "1.1.0",
              "from": "useragent@1.1.0",
              "dependencies": {
                "yamlparser": {
                  "version": "0.0.2",
                  "from": "yamlparser@0.0.2"
                },
                "request": {
                  "version": "2.9.202",
                  "from": "request@2.9.202"
                },
                "semver": {
                  "version": "1.0.14",
                  "from": "semver@1.0.14"
                }
              }
            }
          }
        }
      }
    },
    "findit": {
      "version": "1.1.1",
      "from": "findit@~1.1.0",
      "resolved": "http://registry.npmjs.org/findit/-/findit-1.1.1.tgz"
    },
    "font-awesome": {
      "version": "3.2.1",
      "from": "https://github.com/kersten/Font-Awesome/tarball/master",
      "resolved": "https://github.com/kersten/Font-Awesome/tarball/master"
    },
    "fs-tools": {
      "version": "0.2.11",
      "from": "fs-tools@~0.2.10",
      "resolved": "http://registry.npmjs.org/fs-tools/-/fs-tools-0.2.11.tgz",
      "dependencies": {
        "lodash": {
          "version": "2.4.1",
          "from": "lodash@~ 2.4.1",
          "resolved": "http://registry.npmjs.org/lodash/-/lodash-2.4.1.tgz"
        }
      }
    },
    "google": {
      "version": "0.3.2",
      "from": "google@~0.3.0",
      "resolved": "http://registry.npmjs.org/google/-/google-0.3.2.tgz",
      "dependencies": {
        "cheerio": {
          "version": "0.10.8",
          "from": "cheerio@~0.10.8",
          "dependencies": {
            "cheerio-select": {
              "version": "0.0.3",
              "from": "cheerio-select@*",
              "dependencies": {
                "CSSselect": {
                  "version": "0.7.0",
                  "from": "CSSselect@0.x",
                  "dependencies": {
                    "CSSwhat": {
                      "version": "0.4.7",
                      "from": "CSSwhat@0.4"
                    },
                    "domutils": {
                      "version": "1.4.3",
                      "from": "domutils@1.4",
                      "dependencies": {
                        "domelementtype": {
                          "version": "1.1.1",
                          "from": "domelementtype@1"
                        }
                      }
                    },
                    "boolbase": {
                      "version": "1.0.0",
                      "from": "boolbase@~1.0.0"
                    },
                    "nth-check": {
                      "version": "1.0.0",
                      "from": "nth-check@~1.0.0"
                    }
                  }
                }
              }
            },
            "htmlparser2": {
              "version": "2.6.0",
              "from": "htmlparser2@2.x",
              "dependencies": {
                "domhandler": {
                  "version": "2.0.3",
                  "from": "domhandler@2.0"
                },
                "domutils": {
                  "version": "1.0.1",
                  "from": "domutils@1.0"
                },
                "domelementtype": {
                  "version": "1.1.1",
                  "from": "domelementtype@1"
                }
              }
            },
            "underscore": {
              "version": "1.4.4",
              "from": "underscore@~1.4"
            },
            "entities": {
              "version": "0.5.0",
              "from": "entities@0.x"
            }
          }
        },
        "request": {
          "version": "2.12.0",
          "from": "request@2.12.x",
          "dependencies": {
            "form-data": {
              "version": "0.0.3",
              "from": "form-data",
              "dependencies": {
                "combined-stream": {
                  "version": "0.0.3",
                  "from": "combined-stream@0.0.3",
                  "dependencies": {
                    "delayed-stream": {
                      "version": "0.0.5",
                      "from": "delayed-stream@0.0.5"
                    }
                  }
                },
                "async": {
                  "version": "0.1.9",
                  "from": "async@0.1.9"
                }
              }
            },
            "mime": {
              "version": "1.2.7",
              "from": "mime"
            }
          }
        },
        "commander": {
          "version": "1.1.1",
          "from": "commander@~1.1.1",
          "dependencies": {
            "keypress": {
              "version": "0.1.0",
              "from": "keypress@0.1.x"
            }
          }
        }
      }
    },
    "google-images": {
      "version": "0.1.0",
      "from": "google-images@~0.1.0"
    },
    "http-post": {
      "version": "0.1.1",
      "from": "http-post@~0.1.1"
    },
    "imagemagick": {
      "version": "0.1.3",
      "from": "imagemagick@~0.1.3"
    },
    "jugglingdb": {
      "version": "0.2.14",
      "from": "jugglingdb@~0.2.0-41",
      "resolved": "http://registry.npmjs.org/jugglingdb/-/jugglingdb-0.2.14.tgz",
      "dependencies": {
        "inflection": {
          "version": "1.2.7",
          "from": "inflection@=1.2.7",
          "resolved": "http://registry.npmjs.org/inflection/-/inflection-1.2.7.tgz"
        }
      }
    },
    "jugglingdb-redis-hq": {
      "version": "0.0.9",
      "from": "jugglingdb-redis-hq@~0.0.1-24",
      "resolved": "http://registry.npmjs.org/jugglingdb-redis-hq/-/jugglingdb-redis-hq-0.0.9.tgz",
      "dependencies": {
        "redis": {
          "version": "0.8.2",
          "from": "redis@=0.8.2"
        },
        "hiredis": {
          "version": "0.1.16",
          "from": "hiredis@~0.1.15",
          "dependencies": {
            "bindings": {
              "version": "1.2.0",
              "from": "bindings@*"
            }
          }
        },
        "node-uuid": {
          "version": "1.4.1",
          "from": "node-uuid@>=0"
        }
      }
    },
    "knox": {
      "version": "0.8.10",
      "from": "knox@~0.8.3",
      "resolved": "http://registry.npmjs.org/knox/-/knox-0.8.10.tgz",
      "dependencies": {
        "xml2js": {
          "version": "0.2.8",
          "from": "xml2js@0.2.x",
          "dependencies": {
            "sax": {
              "version": "0.5.8",
              "from": "sax@0.5.x"
            }
          }
        },
        "debug": {
          "version": "0.7.4",
          "from": "debug@~0.7.0"
        },
        "stream-counter": {
          "version": "0.1.0",
          "from": "stream-counter@~0.1.0",
          "dependencies": {
            "readable-stream": {
              "version": "1.0.27-1",
              "from": "readable-stream@~1.0.2",
              "dependencies": {
                "core-util-is": {
                  "version": "1.0.1",
                  "from": "core-util-is@~1.0.0"
                },
                "isarray": {
                  "version": "0.0.1",
                  "from": "isarray@0.0.1"
                },
                "string_decoder": {
                  "version": "0.10.25-1",
                  "from": "string_decoder@~0.10.x"
                },
                "inherits": {
                  "version": "2.0.1",
                  "from": "inherits@~2.0.1"
                }
              }
            }
          }
        }
      }
    },
    "less": {
      "version": "1.4.2",
      "from": "less@~1.4.0",
      "resolved": "http://registry.npmjs.org/less/-/less-1.4.2.tgz",
      "dependencies": {
        "mkdirp": {
          "version": "0.3.5",
          "from": "mkdirp@~0.3.4"
        },
        "ycssmin": {
          "version": "1.0.1",
          "from": "ycssmin@>=1.0.1"
        }
      }
    },
    "mime": {
      "version": "1.2.11",
      "from": "mime@~1.2.11"
    },
    "mocha": {
      "version": "1.8.1",
      "from": "mocha@1.8.1",
      "dependencies": {
        "commander": {
          "version": "0.6.1",
          "from": "commander@0.6.1"
        },
        "growl": {
          "version": "1.7.0",
          "from": "growl@1.7.x"
        },
        "jade": {
          "version": "0.26.3",
          "from": "jade@0.26.3",
          "dependencies": {
            "mkdirp": {
              "version": "0.3.0",
              "from": "mkdirp@0.3.0"
            }
          }
        },
        "diff": {
          "version": "1.0.2",
          "from": "diff@1.0.2"
        },
        "debug": {
          "version": "0.8.1",
          "from": "debug@*"
        },
        "mkdirp": {
          "version": "0.3.3",
          "from": "mkdirp@0.3.3"
        },
        "ms": {
          "version": "0.3.0",
          "from": "ms@0.3.0"
        }
      }
    },
    "moment": {
      "version": "2.3.1",
      "from": "moment@~2.3.1"
    },
    "nodemailer": {
      "version": "0.4.4",
      "from": "nodemailer@~0.4.4",
      "dependencies": {
        "mailcomposer": {
          "version": "0.1.34",
          "from": "mailcomposer@~0.1",
          "dependencies": {
            "mimelib": {
              "version": "0.2.16",
              "from": "mimelib@~0.2",
              "dependencies": {
                "encoding": {
                  "version": "0.1.7",
                  "from": "encoding@~0.1.7",
                  "dependencies": {
                    "iconv-lite": {
                      "version": "0.2.11",
                      "from": "iconv-lite@~0.2.11"
                    }
                  }
                },
                "addressparser": {
                  "version": "0.2.1",
                  "from": "addressparser@~0.2.1"
                }
              }
            },
            "mime": {
              "version": "1.2.9",
              "from": "mime@1.2.9"
            }
          }
        },
        "simplesmtp": {
          "version": "0.3.31",
          "from": "simplesmtp@~0.2 || ~0.3",
          "dependencies": {
            "rai": {
              "version": "0.1.11",
              "from": "rai@~0.1.11"
            },
            "xoauth2": {
              "version": "0.1.8",
              "from": "xoauth2@~0.1.8"
            }
          }
        }
      }
    },
    "ntwitter": {
      "version": "0.5.0",
      "from": "ntwitter@~0.5.0",
      "dependencies": {
        "cookies": {
          "version": "0.1.6",
          "from": "cookies@0.1.x"
        },
        "keygrip": {
          "version": "0.2.4",
          "from": "keygrip@0.2.x"
        }
      }
    },
    "oauth": {
      "version": "0.9.11",
      "from": "oauth@~0.9.10",
      "resolved": "http://registry.npmjs.org/oauth/-/oauth-0.9.11.tgz"
    },
    "raven": {
      "version": "0.5.6",
      "from": "raven@~0.5.4",
      "resolved": "http://registry.npmjs.org/raven/-/raven-0.5.6.tgz",
      "dependencies": {
        "node-uuid": {
          "version": "1.4.0",
          "from": "node-uuid@1.4.0"
        },
        "raw-stacktrace": {
          "version": "1.0.0",
          "from": "raw-stacktrace@1.0.0",
          "dependencies": {
            "traceback": {
              "version": "0.3.0",
              "from": "traceback@>=0.3.0 && < 0.4"
            }
          }
        }
      }
    },
    "reds": {
      "version": "0.2.4",
      "from": "reds@~0.2.3",
      "resolved": "http://registry.npmjs.org/reds/-/reds-0.2.4.tgz",
      "dependencies": {
        "natural": {
          "version": "0.1.17",
          "from": "natural@0.1.17",
          "dependencies": {
            "sylvester": {
              "version": "0.0.21",
              "from": "sylvester@>= 0.0.12"
            },
            "apparatus": {
              "version": "0.0.8",
              "from": "apparatus@>= 0.0.6"
            }
          }
        },
        "redis": {
          "version": "0.7.2",
          "from": "redis@0.7.2",
          "dependencies": {
            "hiredis": {
              "version": "0.1.16",
              "from": "hiredis@*",
              "dependencies": {
                "bindings": {
                  "version": "1.2.0",
                  "from": "bindings@*"
                }
              }
            }
          }
        }
      }
    },
    "request": {
      "version": "2.27.0",
      "from": "request@~2.27.0",
      "dependencies": {
        "qs": {
          "version": "0.6.6",
          "from": "qs@~0.6.0"
        },
        "json-stringify-safe": {
          "version": "5.0.0",
          "from": "json-stringify-safe@~5.0.0"
        },
        "forever-agent": {
          "version": "0.5.2",
          "from": "forever-agent@~0.5.0"
        },
        "tunnel-agent": {
          "version": "0.3.0",
          "from": "tunnel-agent@~0.3.0"
        },
        "http-signature": {
          "version": "0.10.0",
          "from": "http-signature@~0.10.0",
          "dependencies": {
            "assert-plus": {
              "version": "0.1.2",
              "from": "assert-plus@0.1.2"
            },
            "asn1": {
              "version": "0.1.11",
              "from": "asn1@0.1.11"
            },
            "ctype": {
              "version": "0.5.2",
              "from": "ctype@0.5.2"
            }
          }
        },
        "hawk": {
          "version": "1.0.0",
          "from": "hawk@~1.0.0",
          "dependencies": {
            "hoek": {
              "version": "0.9.1",
              "from": "hoek@0.9.x"
            },
            "boom": {
              "version": "0.4.2",
              "from": "boom@0.4.x"
            },
            "cryptiles": {
              "version": "0.2.2",
              "from": "cryptiles@0.2.x"
            },
            "sntp": {
              "version": "0.2.4",
              "from": "sntp@0.2.x"
            }
          }
        },
        "aws-sign": {
          "version": "0.3.0",
          "from": "aws-sign@~0.3.0"
        },
        "oauth-sign": {
          "version": "0.3.0",
          "from": "oauth-sign@~0.3.0"
        },
        "cookie-jar": {
          "version": "0.3.0",
          "from": "cookie-jar@~0.3.0"
        },
        "node-uuid": {
          "version": "1.4.1",
          "from": "node-uuid@~1.4.0"
        },
        "form-data": {
          "version": "0.1.2",
          "from": "form-data@~0.1.0",
          "dependencies": {
            "combined-stream": {
              "version": "0.0.4",
              "from": "combined-stream@~0.0.4",
              "dependencies": {
                "delayed-stream": {
                  "version": "0.0.5",
                  "from": "delayed-stream@0.0.5"
                }
              }
            }
          }
        }
      }
    },
    "seedjs": {
      "version": "0.0.5",
      "from": "seedjs@~0.0.4-7"
    },
    "semicov": {
      "version": "0.1.1",
      "from": "semicov@0.1.1"
    },
    "should": {
      "version": "1.2.2",
      "from": "should@1.2.2"
    },
    "stream-buffers": {
      "version": "0.2.5",
      "from": "stream-buffers@~0.2.4",
      "resolved": "http://registry.npmjs.org/stream-buffers/-/stream-buffers-0.2.5.tgz"
    },
    "stylus": {
      "version": "0.38.0",
      "from": "stylus@~0.38.0",
      "dependencies": {
        "cssom": {
          "version": "0.2.5",
          "from": "cssom@0.2.x"
        },
        "mkdirp": {
          "version": "0.3.5",
          "from": "mkdirp@0.3.x"
        },
        "debug": {
          "version": "0.8.1",
          "from": "debug@*"
        },
        "sax": {
          "version": "0.5.8",
          "from": "sax@0.5.x"
        }
      }
    },
    "supertest": {
      "version": "0.7.1",
      "from": "supertest@~0.7.0",
      "resolved": "http://registry.npmjs.org/supertest/-/supertest-0.7.1.tgz",
      "dependencies": {
        "superagent": {
          "version": "0.15.1",
          "from": "superagent@0.15.1",
          "resolved": "http://registry.npmjs.org/superagent/-/superagent-0.15.1.tgz",
          "dependencies": {
            "qs": {
              "version": "0.6.5",
              "from": "qs@0.6.5",
              "resolved": "http://registry.npmjs.org/qs/-/qs-0.6.5.tgz"
            },
            "formidable": {
              "version": "1.0.9",
              "from": "formidable@1.0.9"
            },
            "mime": {
              "version": "1.2.5",
              "from": "mime@1.2.5"
            },
            "emitter-component": {
              "version": "1.0.0",
              "from": "emitter-component@1.0.0",
              "resolved": "http://registry.npmjs.org/emitter-component/-/emitter-component-1.0.0.tgz"
            },
            "cookiejar": {
              "version": "1.3.0",
              "from": "cookiejar@1.3.0"
            },
            "debug": {
              "version": "0.7.4",
              "from": "debug@~0.7.2"
            }
          }
        },
        "methods": {
          "version": "0.0.1",
          "from": "methods@0.0.1"
        }
      }
    },
    "textract": {
      "version": "0.5.0",
      "from": "textract@~0.5.0",
      "dependencies": {
        "mime": {
          "version": "1.2.9",
          "from": "mime@1.2.9"
        },
        "pdf-text-extract": {
          "version": "1.0.7",
          "from": "pdf-text-extract@1.0.7"
        },
        "xpath": {
          "version": "0.0.5",
          "from": "xpath@0.0.5"
        },
        "xmldom": {
          "version": "0.1.16",
          "from": "xmldom@0.1.16"
        }
      }
    },
    "underscore": {
      "version": "1.5.2",
      "from": "underscore@~1.5.2"
    },
    "unzip": {
      "version": "0.1.9",
      "from": "unzip@~0.1.5",
      "resolved": "http://registry.npmjs.org/unzip/-/unzip-0.1.9.tgz",
      "dependencies": {
        "fstream": {
          "version": "0.1.25",
          "from": "fstream@~0.1.21",
          "dependencies": {
            "rimraf": {
              "version": "2.2.8",
              "from": "rimraf@2"
            },
            "mkdirp": {
              "version": "0.3.5",
              "from": "mkdirp@0.3"
            },
            "graceful-fs": {
              "version": "2.0.3",
              "from": "graceful-fs@~2.0.0"
            },
            "inherits": {
              "version": "2.0.1",
              "from": "inherits@~2.0.0"
            }
          }
        },
        "pullstream": {
          "version": "0.4.0",
          "from": "pullstream@~0.4.0",
          "resolved": "http://registry.npmjs.org/pullstream/-/pullstream-0.4.0.tgz",
          "dependencies": {
            "over": {
              "version": "0.0.5",
              "from": "over@~0.0.5"
            },
            "slice-stream": {
              "version": "0.0.0",
              "from": "slice-stream@0.0.0",
              "resolved": "http://registry.npmjs.org/slice-stream/-/slice-stream-0.0.0.tgz"
            }
          }
        },
        "binary": {
          "version": "0.3.0",
          "from": "binary@~0.3.0",
          "dependencies": {
            "chainsaw": {
              "version": "0.1.0",
              "from": "chainsaw@~0.1.0",
              "dependencies": {
                "traverse": {
                  "version": "0.3.9",
                  "from": "traverse@>=0.3.0 <0.4"
                }
              }
            },
            "buffers": {
              "version": "0.1.1",
              "from": "buffers@~0.1.1"
            }
          }
        },
        "readable-stream": {
          "version": "1.0.27-1",
          "from": "readable-stream@~1.0.2",
          "dependencies": {
            "core-util-is": {
              "version": "1.0.1",
              "from": "core-util-is@~1.0.0"
            },
            "isarray": {
              "version": "0.0.1",
              "from": "isarray@0.0.1"
            },
            "string_decoder": {
              "version": "0.10.25-1",
              "from": "string_decoder@~0.10.x"
            },
            "inherits": {
              "version": "2.0.1",
              "from": "inherits@~2.0.1"
            }
          }
        },
        "setimmediate": {
          "version": "1.0.2",
          "from": "setimmediate@~1.0.1"
        },
        "match-stream": {
          "version": "0.0.2",
          "from": "match-stream@~0.0.2",
          "resolved": "http://registry.npmjs.org/match-stream/-/match-stream-0.0.2.tgz",
          "dependencies": {
            "buffers": {
              "version": "0.1.1",
              "from": "buffers@~0.1.1"
            }
          }
        }
      }
    },
    "vash": {
      "version": "0.7.12-1",
      "from": "vash@~0.7.6-3",
      "resolved": "http://registry.npmjs.org/vash/-/vash-0.7.12-1.tgz",
      "dependencies": {
        "commander": {
          "version": "1.1.1",
          "from": "commander@~1.1.1",
          "dependencies": {
            "keypress": {
              "version": "0.1.0",
              "from": "keypress@0.1.x"
            }
          }
        },
        "uglify-js": {
          "version": "1.0.6",
          "from": "uglify-js@1.0.6"
        }
      }
    },
    "yaml-js": {
      "version": "0.0.8",
      "from": "yaml-js@~0.0.8"
    }
  }
}
